<?xml version="1.0" encoding="UTF-8" standalone="yes" ?>
<CodeBlocks_project_file>
	<FileVersion major="1" minor="6" />
	<Project>
		<Option title="RamaPieceAS2" />
		<Option pch_mode="2" />
		<Option compiler="gcc" />
		<Build>
			<Target title="Test">
				<Option output="bin/Test" prefix_auto="1" extension_auto="1" />
				<Option object_output="obj/Test" />
				<Option type="0" />
				<Option compiler="gcc" />
				<Compiler>
					<Add option="-g" />
				</Compiler>
			</Target>
			<Target title="Detection">
				<Option output="Detection" prefix_auto="1" extension_auto="1" />
				<Option object_output="obj/Detection" />
				<Option type="1" />
				<Option compiler="gcc" />
				<Compiler>
					<Add directory="include/detection" />
				</Compiler>
			</Target>
			<Target title="Opti">
				<Option output="Opti" prefix_auto="1" extension_auto="1" />
				<Option object_output="obj/Opti/" />
				<Option type="1" />
				<Option compiler="gcc" />
				<Compiler>
					<Add directory="include/optimisation" />
				</Compiler>
			</Target>
			<Target title="Release">
				<Option output="RamaPieceAS2" prefix_auto="1" extension_auto="1" />
				<Option object_output="obj/Release/" />
				<Option type="1" />
				<Option compiler="gcc" />
				<Compiler>
					<Add option="-O2" />
				</Compiler>
				<Linker>
					<Add option="-s" />
				</Linker>
			</Target>
		</Build>
		<Compiler>
			<Add option="-Wall" />
			<Add directory="include" />
		</Compiler>
		<Linker>
			<Add library="opencv_world320" />
		</Linker>
		<Unit filename="include/Piece.hh" />
		<Unit filename="include/Position.hh">
			<Option target="Release" />
			<Option target="Opti" />
			<Option target="Detection" />
		</Unit>
		<Unit filename="include/Ramapiece.hh">
			<Option target="Opti" />
			<Option target="Release" />
		</Unit>
		<Unit filename="include/Robot.hh">
			<Option target="Opti" />
			<Option target="Release" />
		</Unit>
		<Unit filename="include/optimisation/compte.h">
			<Option target="Opti" />
		</Unit>
		<Unit filename="src/detection/main.cpp">
			<Option target="Detection" />
		</Unit>
		<Unit filename="src/optimisation/compte.cpp">
			<Option target="Opti" />
		</Unit>
		<Unit filename="src/optimisation/main.cpp">
			<Option target="Opti" />
		</Unit>
		<Unit filename="src/test.cpp">
			<Option target="Test" />
		</Unit>
		<Extensions>
			<code_completion />
			<envvars />
			<debugger />
			<lib_finder disable_auto="1" />
		</Extensions>
	</Project>
</CodeBlocks_project_file>
